
Microsoft Visual Studio Solution File, Format Version 12.00
# Visual Studio 15
VisualStudioVersion = 15.0.26124.0
MinimumVisualStudioVersion = 15.0.26124.0
Project("{FAE04EC0-301F-11D3-BF4B-00C04F79EFBC}") = "ProceduralMassGen", "src\ProceduralMassGen.csproj", "{336DAB14-FD71-4F7B-BDFF-CD2B163C2661}"
EndProject
Project("{FAE04EC0-301F-11D3-BF4B-00C04F79EFBC}") = "ProceduralMassGen.Dependencies", "dependencies\ProceduralMassGen.Dependencies.csproj", "{8D70935A-C4B9-43C9-85AB-C632950765DD}"
EndProject
Project("{FAE04EC0-301F-11D3-BF4B-00C04F79EFBC}") = "ProceduralMassGen.Tests", "test\ProceduralMassGen.Tests.csproj", "{B82D991E-3C44-47EC-95C0-99F8D6EA9AFC}"
EndProject
Global
	GlobalSection(SolutionConfigurationPlatforms) = preSolution
		Debug|Any CPU = Debug|Any CPU
		Debug|x64 = Debug|x64
		Debug|x86 = Debug|x86
		Release|Any CPU = Release|Any CPU
		Release|x64 = Release|x64
		Release|x86 = Release|x86
	EndGlobalSection
	GlobalSection(SolutionProperties) = preSolution
		HideSolutionNode = FALSE
	EndGlobalSection
	GlobalSection(ProjectConfigurationPlatforms) = postSolution
		{336DAB14-FD71-4F7B-BDFF-CD2B163C2661}.Debug|Any CPU.ActiveCfg = Debug|Any CPU
		{336DAB14-FD71-4F7B-BDFF-CD2B163C2661}.Debug|Any CPU.Build.0 = Debug|Any CPU
		{336DAB14-FD71-4F7B-BDFF-CD2B163C2661}.Debug|x64.ActiveCfg = Debug|Any CPU
		{336DAB14-FD71-4F7B-BDFF-CD2B163C2661}.Debug|x64.Build.0 = Debug|Any CPU
		{336DAB14-FD71-4F7B-BDFF-CD2B163C2661}.Debug|x86.ActiveCfg = Debug|Any CPU
		{336DAB14-FD71-4F7B-BDFF-CD2B163C2661}.Debug|x86.Build.0 = Debug|Any CPU
		{336DAB14-FD71-4F7B-BDFF-CD2B163C2661}.Release|Any CPU.ActiveCfg = Release|Any CPU
		{336DAB14-FD71-4F7B-BDFF-CD2B163C2661}.Release|Any CPU.Build.0 = Release|Any CPU
		{336DAB14-FD71-4F7B-BDFF-CD2B163C2661}.Release|x64.ActiveCfg = Release|Any CPU
		{336DAB14-FD71-4F7B-BDFF-CD2B163C2661}.Release|x64.Build.0 = Release|Any CPU
		{336DAB14-FD71-4F7B-BDFF-CD2B163C2661}.Release|x86.ActiveCfg = Release|Any CPU
		{336DAB14-FD71-4F7B-BDFF-CD2B163C2661}.Release|x86.Build.0 = Release|Any CPU
		{8D70935A-C4B9-43C9-85AB-C632950765DD}.Debug|Any CPU.ActiveCfg = Debug|Any CPU
		{8D70935A-C4B9-43C9-85AB-C632950765DD}.Debug|Any CPU.Build.0 = Debug|Any CPU
		{8D70935A-C4B9-43C9-85AB-C632950765DD}.Debug|x64.ActiveCfg = Debug|Any CPU
		{8D70935A-C4B9-43C9-85AB-C632950765DD}.Debug|x64.Build.0 = Debug|Any CPU
		{8D70935A-C4B9-43C9-85AB-C632950765DD}.Debug|x86.ActiveCfg = Debug|Any CPU
		{8D70935A-C4B9-43C9-85AB-C632950765DD}.Debug|x86.Build.0 = Debug|Any CPU
		{8D70935A-C4B9-43C9-85AB-C632950765DD}.Release|Any CPU.ActiveCfg = Release|Any CPU
		{8D70935A-C4B9-43C9-85AB-C632950765DD}.Release|Any CPU.Build.0 = Release|Any CPU
		{8D70935A-C4B9-43C9-85AB-C632950765DD}.Release|x64.ActiveCfg = Release|Any CPU
		{8D70935A-C4B9-43C9-85AB-C632950765DD}.Release|x64.Build.0 = Release|Any CPU
		{8D70935A-C4B9-43C9-85AB-C632950765DD}.Release|x86.ActiveCfg = Release|Any CPU
		{8D70935A-C4B9-43C9-85AB-C632950765DD}.Release|x86.Build.0 = Release|Any CPU
		{B82D991E-3C44-47EC-95C0-99F8D6EA9AFC}.Debug|Any CPU.ActiveCfg = Debug|Any CPU
		{B82D991E-3C44-47EC-95C0-99F8D6EA9AFC}.Debug|Any CPU.Build.0 = Debug|Any CPU
		{B82D991E-3C44-47EC-95C0-99F8D6EA9AFC}.Debug|x64.ActiveCfg = Debug|Any CPU
		{B82D991E-3C44-47EC-95C0-99F8D6EA9AFC}.Debug|x64.Build.0 = Debug|Any CPU
		{B82D991E-3C44-47EC-95C0-99F8D6EA9AFC}.Debug|x86.ActiveCfg = Debug|Any CPU
		{B82D991E-3C44-47EC-95C0-99F8D6EA9AFC}.Debug|x86.Build.0 = Debug|Any CPU
		{B82D991E-3C44-47EC-95C0-99F8D6EA9AFC}.Release|Any CPU.ActiveCfg = Release|Any CPU
		{B82D991E-3C44-47EC-95C0-99F8D6EA9AFC}.Release|Any CPU.Build.0 = Release|Any CPU
		{B82D991E-3C44-47EC-95C0-99F8D6EA9AFC}.Release|x64.ActiveCfg = Release|Any CPU
		{B82D991E-3C44-47EC-95C0-99F8D6EA9AFC}.Release|x64.Build.0 = Release|Any CPU
		{B82D991E-3C44-47EC-95C0-99F8D6EA9AFC}.Release|x86.ActiveCfg = Release|Any CPU
		{B82D991E-3C44-47EC-95C0-99F8D6EA9AFC}.Release|x86.Build.0 = Release|Any CPU
	EndGlobalSection
EndGlobal
