
Microsoft Visual Studio Solution File, Format Version 12.00
# Visual Studio 15
VisualStudioVersion = 15.0.26124.0
MinimumVisualStudioVersion = 15.0.26124.0
Project("{FAE04EC0-301F-11D3-BF4B-00C04F79EFBC}") = "ACADIAHeatMap", "src\ACADIAHeatMap.csproj", "{B00B58B2-72B8-42C8-8AE8-185E54250DEC}"
EndProject
Project("{FAE04EC0-301F-11D3-BF4B-00C04F79EFBC}") = "ACADIAHeatMap.Dependencies", "dependencies\ACADIAHeatMap.Dependencies.csproj", "{89934676-99C3-4B74-BFD7-016266E50B81}"
EndProject
Project("{FAE04EC0-301F-11D3-BF4B-00C04F79EFBC}") = "ACADIAHeatMap.Tests", "test\ACADIAHeatMap.Tests.csproj", "{3E38ED57-5EA4-4818-8636-0F31A80B5E39}"
EndProject
Global
	GlobalSection(SolutionConfigurationPlatforms) = preSolution
		Debug|Any CPU = Debug|Any CPU
		Debug|x64 = Debug|x64
		Debug|x86 = Debug|x86
		Release|Any CPU = Release|Any CPU
		Release|x64 = Release|x64
		Release|x86 = Release|x86
	EndGlobalSection
	GlobalSection(SolutionProperties) = preSolution
		HideSolutionNode = FALSE
	EndGlobalSection
	GlobalSection(ProjectConfigurationPlatforms) = postSolution
		{B00B58B2-72B8-42C8-8AE8-185E54250DEC}.Debug|Any CPU.ActiveCfg = Debug|Any CPU
		{B00B58B2-72B8-42C8-8AE8-185E54250DEC}.Debug|Any CPU.Build.0 = Debug|Any CPU
		{B00B58B2-72B8-42C8-8AE8-185E54250DEC}.Debug|x64.ActiveCfg = Debug|Any CPU
		{B00B58B2-72B8-42C8-8AE8-185E54250DEC}.Debug|x64.Build.0 = Debug|Any CPU
		{B00B58B2-72B8-42C8-8AE8-185E54250DEC}.Debug|x86.ActiveCfg = Debug|Any CPU
		{B00B58B2-72B8-42C8-8AE8-185E54250DEC}.Debug|x86.Build.0 = Debug|Any CPU
		{B00B58B2-72B8-42C8-8AE8-185E54250DEC}.Release|Any CPU.ActiveCfg = Release|Any CPU
		{B00B58B2-72B8-42C8-8AE8-185E54250DEC}.Release|Any CPU.Build.0 = Release|Any CPU
		{B00B58B2-72B8-42C8-8AE8-185E54250DEC}.Release|x64.ActiveCfg = Release|Any CPU
		{B00B58B2-72B8-42C8-8AE8-185E54250DEC}.Release|x64.Build.0 = Release|Any CPU
		{B00B58B2-72B8-42C8-8AE8-185E54250DEC}.Release|x86.ActiveCfg = Release|Any CPU
		{B00B58B2-72B8-42C8-8AE8-185E54250DEC}.Release|x86.Build.0 = Release|Any CPU
		{89934676-99C3-4B74-BFD7-016266E50B81}.Debug|Any CPU.ActiveCfg = Debug|Any CPU
		{89934676-99C3-4B74-BFD7-016266E50B81}.Debug|Any CPU.Build.0 = Debug|Any CPU
		{89934676-99C3-4B74-BFD7-016266E50B81}.Debug|x64.ActiveCfg = Debug|Any CPU
		{89934676-99C3-4B74-BFD7-016266E50B81}.Debug|x64.Build.0 = Debug|Any CPU
		{89934676-99C3-4B74-BFD7-016266E50B81}.Debug|x86.ActiveCfg = Debug|Any CPU
		{89934676-99C3-4B74-BFD7-016266E50B81}.Debug|x86.Build.0 = Debug|Any CPU
		{89934676-99C3-4B74-BFD7-016266E50B81}.Release|Any CPU.ActiveCfg = Release|Any CPU
		{89934676-99C3-4B74-BFD7-016266E50B81}.Release|Any CPU.Build.0 = Release|Any CPU
		{89934676-99C3-4B74-BFD7-016266E50B81}.Release|x64.ActiveCfg = Release|Any CPU
		{89934676-99C3-4B74-BFD7-016266E50B81}.Release|x64.Build.0 = Release|Any CPU
		{89934676-99C3-4B74-BFD7-016266E50B81}.Release|x86.ActiveCfg = Release|Any CPU
		{89934676-99C3-4B74-BFD7-016266E50B81}.Release|x86.Build.0 = Release|Any CPU
		{3E38ED57-5EA4-4818-8636-0F31A80B5E39}.Debug|Any CPU.ActiveCfg = Debug|Any CPU
		{3E38ED57-5EA4-4818-8636-0F31A80B5E39}.Debug|Any CPU.Build.0 = Debug|Any CPU
		{3E38ED57-5EA4-4818-8636-0F31A80B5E39}.Debug|x64.ActiveCfg = Debug|Any CPU
		{3E38ED57-5EA4-4818-8636-0F31A80B5E39}.Debug|x64.Build.0 = Debug|Any CPU
		{3E38ED57-5EA4-4818-8636-0F31A80B5E39}.Debug|x86.ActiveCfg = Debug|Any CPU
		{3E38ED57-5EA4-4818-8636-0F31A80B5E39}.Debug|x86.Build.0 = Debug|Any CPU
		{3E38ED57-5EA4-4818-8636-0F31A80B5E39}.Release|Any CPU.ActiveCfg = Release|Any CPU
		{3E38ED57-5EA4-4818-8636-0F31A80B5E39}.Release|Any CPU.Build.0 = Release|Any CPU
		{3E38ED57-5EA4-4818-8636-0F31A80B5E39}.Release|x64.ActiveCfg = Release|Any CPU
		{3E38ED57-5EA4-4818-8636-0F31A80B5E39}.Release|x64.Build.0 = Release|Any CPU
		{3E38ED57-5EA4-4818-8636-0F31A80B5E39}.Release|x86.ActiveCfg = Release|Any CPU
		{3E38ED57-5EA4-4818-8636-0F31A80B5E39}.Release|x86.Build.0 = Release|Any CPU
	EndGlobalSection
EndGlobal
